dependencies:
- name: redis
  repository: https://charts.bitnami.com/bitnami
  version: 17.0.7
- name: prometheus-redis-exporter
  repository: https://prometheus-community.github.io/helm-charts
  version: 6.1.0
- name: prometheus-operator-crds
  repository: https://prometheus-community.github.io/helm-charts
  version: 9.0.0
digest: sha256:e7eb2e6594f782a5780509b7146b40e15960782367425b25aee3be444f8acf6a
generated: "2024-01-17T18:04:35.194025+05:30"
