dependencies:
- name: prometheus
  repository: https://prometheus-community.github.io/helm-charts
  version: 25.3.1
- name: grafana
  repository: https://grafana.github.io/helm-charts
  version: 6.61.1
digest: sha256:adcab4a43a838d6f801b9d11c3ea482ce087da94a30e671d04562b392a069d5b
generated: "2024-01-10T13:30:44.724761+05:30"
